// !$*UTF8*$!
{
	archiveVersion = 1;
	classes = {
	};
	objectVersion = 46;
	objects = {

/* Begin PBXBuildFile section */
		E63039EB1A43577100A008D7 /* main.m in Sources */ = {isa = PBXBuildFile; fileRef = E63039EA1A43577100A008D7 /* main.m */; };
		E63039EE1A43577100A008D7 /* AppDelegate.m in Sources */ = {isa = PBXBuildFile; fileRef = E63039ED1A43577100A008D7 /* AppDelegate.m */; };
		E63039F11A43577100A008D7 /* ViewController.m in Sources */ = {isa = PBXBuildFile; fileRef = E63039F01A43577100A008D7 /* ViewController.m */; };
		E63039F41A43577100A008D7 /* Main.storyboard in Resources */ = {isa = PBXBuildFile; fileRef = E63039F21A43577100A008D7 /* Main.storyboard */; };
		E63039F61A43577100A008D7 /* Images.xcassets in Resources */ = {isa = PBXBuildFile; fileRef = E63039F51A43577100A008D7 /* Images.xcassets */; };
		E63039F91A43577100A008D7 /* LaunchScreen.xib in Resources */ = {isa = PBXBuildFile; fileRef = E63039F71A43577100A008D7 /* LaunchScreen.xib */; };
		E6303A051A43577100A008D7 /* HaoUIAlertViewFianlTests.m in Sources */ = {isa = PBXBuildFile; fileRef = E6303A041A43577100A008D7 /* HaoUIAlertViewFianlTests.m */; };
		E6303A101A4357D200A008D7 /* ADCAlertView.m in Sources */ = {isa = PBXBuildFile; fileRef = E6303A0F1A4357D200A008D7 /* ADCAlertView.m */; };
/* End PBXBuildFile section */

/* Begin PBXContainerItemProxy section */
		E63039FF1A43577100A008D7 /* PBXContainerItemProxy */ = {
			isa = PBXContainerItemProxy;
			containerPortal = E63039DD1A43577100A008D7 /* Project object */;
			proxyType = 1;
			remoteGlobalIDString = E63039E41A43577100A008D7;
			remoteInfo = HaoUIAlertViewFianl;
		};
/* End PBXContainerItemProxy section */

/* Begin PBXFileReference section */
		E63039E51A43577100A008D7 /* HaoUIAlertViewFianl.app */ = {isa = PBXFileReference; explicitFileType = wrapper.application; includeInIndex = 0; path = HaoUIAlertViewFianl.app; sourceTree = BUILT_PRODUCTS_DIR; };
		E63039E91A43577100A008D7 /* Info.plist */ = {isa = PBXFileReference; lastKnownFileType = text.plist.xml; path = Info.plist; sourceTree = "<group>"; };
		E63039EA1A43577100A008D7 /* main.m */ = {isa = PBXFileReference; lastKnownFileType = sourcecode.c.objc; path = main.m; sourceTree = "<group>"; };
		E63039EC1A43577100A008D7 /* AppDelegate.h */ = {isa = PBXFileReference; lastKnownFileType = sourcecode.c.h; path = AppDelegate.h; sourceTree = "<group>"; };
		E63039ED1A43577100A008D7 /* AppDelegate.m */ = {isa = PBXFileReference; lastKnownFileType = sourcecode.c.objc; path = AppDelegate.m; sourceTree = "<group>"; };
		E63039EF1A43577100A008D7 /* ViewController.h */ = {isa = PBXFileReference; lastKnownFileType = sourcecode.c.h; path = ViewController.h; sourceTree = "<group>"; };
		E63039F01A43577100A008D7 /* ViewController.m */ = {isa = PBXFileReference; lastKnownFileType = sourcecode.c.objc; path = ViewController.m; sourceTree = "<group>"; };
		E63039F31A43577100A008D7 /* Base */ = {isa = PBXFileReference; lastKnownFileType = file.storyboard; name = Base; path = Base.lproj/Main.storyboard; sourceTree = "<group>"; };
		E63039F51A43577100A008D7 /* Images.xcassets */ = {isa = PBXFileReference; lastKnownFileType = folder.assetcatalog; path = Images.xcassets; sourceTree = "<group>"; };
		E63039F81A43577100A008D7 /* Base */ = {isa = PBXFileReference; lastKnownFileType = file.xib; name = Base; path = Base.lproj/LaunchScreen.xib; sourceTree = "<group>"; };
		E63039FE1A43577100A008D7 /* HaoUIAlertViewFianlTests.xctest */ = {isa = PBXFileReference; explicitFileType = wrapper.cfbundle; includeInIndex = 0; path = HaoUIAlertViewFianlTests.xctest; sourceTree = BUILT_PRODUCTS_DIR; };
		E6303A031A43577100A008D7 /* Info.plist */ = {isa = PBXFileReference; lastKnownFileType = text.plist.xml; path = Info.plist; sourceTree = "<group>"; };
		E6303A041A43577100A008D7 /* HaoUIAlertViewFianlTests.m */ = {isa = PBXFileReference; lastKnownFileType = sourcecode.c.objc; path = HaoUIAlertViewFianlTests.m; sourceTree = "<group>"; };
		E6303A0E1A4357D200A008D7 /* ADCAlertView.h */ = {isa = PBXFileReference; fileEncoding = 4; lastKnownFileType = sourcecode.c.h; path = ADCAlertView.h; sourceTree = "<group>"; };
		E6303A0F1A4357D200A008D7 /* ADCAlertView.m */ = {isa = PBXFileReference; fileEncoding = 4; lastKnownFileType = sourcecode.c.objc; path = ADCAlertView.m; sourceTree = "<group>"; };
/* End PBXFileReference section */

/* Begin PBXFrameworksBuildPhase section */
		E63039E21A43577100A008D7 /* Frameworks */ = {
			isa = PBXFrameworksBuildPhase;
			buildActionMask = 2147483647;
			files = (
			);
			runOnlyForDeploymentPostprocessing = 0;
		};
		E63039FB1A43577100A008D7 /* Frameworks */ = {
			isa = PBXFrameworksBuildPhase;
			buildActionMask = 2147483647;
			files = (
			);
			runOnlyForDeploymentPostprocessing = 0;
		};
/* End PBXFrameworksBuildPhase section */

/* Begin PBXGroup section */
		E63039DC1A43577100A008D7 = {
			isa = PBXGroup;
			children = (
				E63039E71A43577100A008D7 /* HaoUIAlertViewFianl */,
				E6303A011A43577100A008D7 /* HaoUIAlertViewFianlTests */,
				E63039E61A43577100A008D7 /* Products */,
			);
			sourceTree = "<group>";
		};
		E63039E61A43577100A008D7 /* Products */ = {
			isa = PBXGroup;
			children = (
				E63039E51A43577100A008D7 /* HaoUIAlertViewFianl.app */,
				E63039FE1A43577100A008D7 /* HaoUIAlertViewFianlTests.xctest */,
			);
			name = Products;
			sourceTree = "<group>";
		};
		E63039E71A43577100A008D7 /* HaoUIAlertViewFianl */ = {
			isa = PBXGroup;
			children = (
				E6303A0E1A4357D200A008D7 /* ADCAlertView.h */,
				E6303A0F1A4357D200A008D7 /* ADCAlertView.m */,
				E63039EC1A43577100A008D7 /* AppDelegate.h */,
				E63039ED1A43577100A008D7 /* AppDelegate.m */,
				E63039EF1A43577100A008D7 /* ViewController.h */,
				E63039F01A43577100A008D7 /* ViewController.m */,
				E63039F21A43577100A008D7 /* Main.storyboard */,
				E63039F51A43577100A008D7 /* Images.xcassets */,
				E63039F71A43577100A008D7 /* LaunchScreen.xib */,
				E63039E81A43577100A008D7 /* Supporting Files */,
			);
			path = HaoUIAlertViewFianl;
			sourceTree = "<group>";
		};
		E63039E81A43577100A008D7 /* Supporting Files */ = {
			isa = PBXGroup;
			children = (
				E63039E91A43577100A008D7 /* Info.plist */,
				E63039EA1A43577100A008D7 /* main.m */,
			);
			name = "Supporting Files";
			sourceTree = "<group>";
		};
		E6303A011A43577100A008D7 /* HaoUIAlertViewFianlTests */ = {
			isa = PBXGroup;
			children = (
				E6303A041A43577100A008D7 /* HaoUIAlertViewFianlTests.m */,
				E6303A021A43577100A008D7 /* Supporting Files */,
			);
			path = HaoUIAlertViewFianlTests;
			sourceTree = "<group>";
		};
		E6303A021A43577100A008D7 /* Supporting Files */ = {
			isa = PBXGroup;
			children = (
				E6303A031A43577100A008D7 /* Info.plist */,
			);
			name = "Supporting Files";
			sourceTree = "<group>";
		};
/* End PBXGroup section */

/* Begin PBXNativeTarget section */
		E63039E41A43577100A008D7 /* HaoUIAlertViewFianl */ = {
			isa = PBXNativeTarget;
			buildConfigurationList = E6303A081A43577100A008D7 /* Build configuration list for PBXNativeTarget "HaoUIAlertViewFianl" */;
			buildPhases = (
				E63039E11A43577100A008D7 /* Sources */,
				E63039E21A43577100A008D7 /* Frameworks */,
				E63039E31A43577100A008D7 /* Resources */,
			);
			buildRules = (
			);
			dependencies = (
			);
			name = HaoUIAlertViewFianl;
			productName = HaoUIAlertViewFianl;
			productReference = E63039E51A43577100A008D7 /* HaoUIAlertViewFianl.app */;
			productType = "com.apple.product-type.application";
		};
		E63039FD1A43577100A008D7 /* HaoUIAlertViewFianlTests */ = {
			isa = PBXNativeTarget;
			buildConfigurationList = E6303A0B1A43577100A008D7 /* Build configuration list for PBXNativeTarget "HaoUIAlertViewFianlTests" */;
			buildPhases = (
				E63039FA1A43577100A008D7 /* Sources */,
				E63039FB1A43577100A008D7 /* Frameworks */,
				E63039FC1A43577100A008D7 /* Resources */,
			);
			buildRules = (
			);
			dependencies = (
				E6303A001A43577100A008D7 /* PBXTargetDependency */,
			);
			name = HaoUIAlertViewFianlTests;
			productName = HaoUIAlertViewFianlTests;
			productReference = E63039FE1A43577100A008D7 /* HaoUIAlertViewFianlTests.xctest */;
			productType = "com.apple.product-type.bundle.unit-test";
		};
/* End PBXNativeTarget section */

/* Begin PBXProject section */
		E63039DD1A43577100A008D7 /* Project object */ = {
			isa = PBXProject;
			attributes = {
				LastUpgradeCheck = 0610;
				ORGANIZATIONNAME = "Hao Zheng";
				TargetAttributes = {
					E63039E41A43577100A008D7 = {
						CreatedOnToolsVersion = 6.1.1;
					};
					E63039FD1A43577100A008D7 = {
						CreatedOnToolsVersion = 6.1.1;
						TestTargetID = E63039E41A43577100A008D7;
					};
				};
			};
			buildConfigurationList = E63039E01A43577100A008D7 /* Build configuration list for PBXProject "HaoUIAlertViewFianl" */;
			compatibilityVersion = "Xcode 3.2";
			developmentRegion = English;
			hasScannedForEncodings = 0;
			knownRegions = (
				en,
				Base,
			);
			mainGroup = E63039DC1A43577100A008D7;
			productRefGroup = E63039E61A43577100A008D7 /* Products */;
			projectDirPath = "";
			projectRoot = "";
			targets = (
				E63039E41A43577100A008D7 /* HaoUIAlertViewFianl */,
				E63039FD1A43577100A008D7 /* HaoUIAlertViewFianlTests */,
			);
		};
/* End PBXProject section */

/* Begin PBXResourcesBuildPhase section */
		E63039E31A43577100A008D7 /* Resources */ = {
			isa = PBXResourcesBuildPhase;
			buildActionMask = 2147483647;
			files = (
				E63039F41A43577100A008D7 /* Main.storyboard in Resources */,
				E63039F91A43577100A008D7 /* LaunchScreen.xib in Resources */,
				E63039F61A43577100A008D7 /* Images.xcassets in Resources */,
			);
			runOnlyForDeploymentPostprocessing = 0;
		};
		E63039FC1A43577100A008D7 /* Resources */ = {
			isa = PBXResourcesBuildPhase;
			buildActionMask = 2147483647;
			files = (
			);
			runOnlyForDeploymentPostprocessing = 0;
		};
/* End PBXResourcesBuildPhase section */

/* Begin PBXSourcesBuildPhase section */
		E63039E11A43577100A008D7 /* Sources */ = {
			isa = PBXSourcesBuildPhase;
			buildActionMask = 2147483647;
			files = (
				E63039F11A43577100A008D7 /* ViewController.m in Sources */,
				E63039EE1A43577100A008D7 /* AppDelegate.m in Sources */,
				E63039EB1A43577100A008D7 /* main.m in Sources */,
				E6303A101A4357D200A008D7 /* ADCAlertView.m in Sources */,
			);
			runOnlyForDeploymentPostprocessing = 0;
		};
		E63039FA1A43577100A008D7 /* Sources */ = {
			isa = PBXSourcesBuildPhase;
			buildActionMask = 2147483647;
			files = (
				E6303A051A43577100A008D7 /* HaoUIAlertViewFianlTests.m in Sources */,
			);
			runOnlyForDeploymentPostprocessing = 0;
		};
/* End PBXSourcesBuildPhase section */

/* Begin PBXTargetDependency section */
		E6303A001A43577100A008D7 /* PBXTargetDependency */ = {
			isa = PBXTargetDependency;
			target = E63039E41A43577100A008D7 /* HaoUIAlertViewFianl */;
			targetProxy = E63039FF1A43577100A008D7 /* PBXContainerItemProxy */;
		};
/* End PBXTargetDependency section */

/* Begin PBXVariantGroup section */
		E63039F21A43577100A008D7 /* Main.storyboard */ = {
			isa = PBXVariantGroup;
			children = (
				E63039F31A43577100A008D7 /* Base */,
			);
			name = Main.storyboard;
			sourceTree = "<group>";
		};
		E63039F71A43577100A008D7 /* LaunchScreen.xib */ = {
			isa = PBXVariantGroup;
			children = (
				E63039F81A43577100A008D7 /* Base */,
			);
			name = LaunchScreen.xib;
			sourceTree = "<group>";
		};
/* End PBXVariantGroup section */

/* Begin XCBuildConfiguration section */
		E6303A061A43577100A008D7 /* Debug */ = {
			isa = XCBuildConfiguration;
			buildSettings = {
				ALWAYS_SEARCH_USER_PATHS = NO;
				CLANG_CXX_LANGUAGE_STANDARD = "gnu++0x";
				CLANG_CXX_LIBRARY = "libc++";
				CLANG_ENABLE_MODULES = YES;
				CLANG_ENABLE_OBJC_ARC = YES;
				CLANG_WARN_BOOL_CONVERSION = YES;
				CLANG_WARN_CONSTANT_CONVERSION = YES;
				CLANG_WARN_DIRECT_OBJC_ISA_USAGE = YES_ERROR;
				CLANG_WARN_EMPTY_BODY = YES;
				CLANG_WARN_ENUM_CONVERSION = YES;
				CLANG_WARN_INT_CONVERSION = YES;
				CLANG_WARN_OBJC_ROOT_CLASS = YES_ERROR;
				CLANG_WARN_UNREACHABLE_CODE = YES;
				CLANG_WARN__DUPLICATE_METHOD_MATCH = YES;
				"CODE_SIGN_IDENTITY[sdk=iphoneos*]" = "iPhone Developer";
				COPY_PHASE_STRIP = NO;
				ENABLE_STRICT_OBJC_MSGSEND = YES;
				GCC_C_LANGUAGE_STANDARD = gnu99;
				GCC_DYNAMIC_NO_PIC = NO;
				GCC_OPTIMIZATION_LEVEL = 0;
				GCC_PREPROCESSOR_DEFINITIONS = (
					"DEBUG=1",
					"$(inherited)",
				);
				GCC_SYMBOLS_PRIVATE_EXTERN = NO;
				GCC_WARN_64_TO_32_BIT_CONVERSION = YES;
				GCC_WARN_ABOUT_RETURN_TYPE = YES_ERROR;
				GCC_WARN_UNDECLARED_SELECTOR = YES;
				GCC_WARN_UNINITIALIZED_AUTOS = YES_AGGRESSIVE;
				GCC_WARN_UNUSED_FUNCTION = YES;
				GCC_WARN_UNUSED_VARIABLE = YES;
				IPHONEOS_DEPLOYMENT_TARGET = 8.1;
				MTL_ENABLE_DEBUG_INFO = YES;
				ONLY_ACTIVE_ARCH = YES;
				SDKROOT = iphoneos;
				TARGETED_DEVICE_FAMILY = "1,2";
			};
			name = Debug;
		};
		E6303A071A43577100A008D7 /* Release */ = {
			isa = XCBuildConfiguration;
			buildSettings = {
				ALWAYS_SEARCH_USER_PATHS = NO;
				CLANG_CXX_LANGUAGE_STANDARD = "gnu++0x";
				CLANG_CXX_LIBRARY = "libc++";
				CLANG_ENABLE_MODULES = YES;
				CLANG_ENABLE_OBJC_ARC = YES;
				CLANG_WARN_BOOL_CONVERSION = YES;
				CLANG_WARN_CONSTANT_CONVERSION = YES;
				CLANG_WARN_DIRECT_OBJC_ISA_USAGE = YES_ERROR;
				CLANG_WARN_EMPTY_BODY = YES;
				CLANG_WARN_ENUM_CONVERSION = YES;
				CLANG_WARN_INT_CONVERSION = YES;
				CLANG_WARN_OBJC_ROOT_CLASS = YES_ERROR;
				CLANG_WARN_UNREACHABLE_CODE = YES;
				CLANG_WARN__DUPLICATE_METHOD_MATCH = YES;
				"CODE_SIGN_IDENTITY[sdk=iphoneos*]" = "iPhone Developer";
				COPY_PHASE_STRIP = YES;
				ENABLE_NS_ASSERTIONS = NO;
				ENABLE_STRICT_OBJC_MSGSEND = YES;
				GCC_C_LANGUAGE_STANDARD = gnu99;
				GCC_WARN_64_TO_32_BIT_CONVERSION = YES;
				GCC_WARN_ABOUT_RETURN_TYPE = YES_ERROR;
				GCC_WARN_UNDECLARED_SELECTOR = YES;
				GCC_WARN_UNINITIALIZED_AUTOS = YES_AGGRESSIVE;
				GCC_WARN_UNUSED_FUNCTION = YES;
				GCC_WARN_UNUSED_VARIABLE = YES;
				IPHONEOS_DEPLOYMENT_TARGET = 8.1;
				MTL_ENABLE_DEBUG_INFO = NO;
				SDKROOT = iphoneos;
				TARGETED_DEVICE_FAMILY = "1,2";
				VALIDATE_PRODUCT = YES;
			};
			name = Release;
		};
		E6303A091A43577100A008D7 /* Debug */ = {
			isa = XCBuildConfiguration;
			buildSettings = {
				ASSETCATALOG_COMPILER_APPICON_NAME = AppIcon;
				INFOPLIST_FILE = HaoUIAlertViewFianl/Info.plist;
				LD_RUNPATH_SEARCH_PATHS = "$(inherited) @executable_path/Frameworks";
				PRODUCT_NAME = "$(TARGET_NAME)";
			};
			name = Debug;
		};
		E6303A0A1A43577100A008D7 /* Release */ = {
			isa = XCBuildConfiguration;
			buildSettings = {
				ASSETCATALOG_COMPILER_APPICON_NAME = AppIcon;
				INFOPLIST_FILE = HaoUIAlertViewFianl/Info.plist;
				LD_RUNPATH_SEARCH_PATHS = "$(inherited) @executable_path/Frameworks";
				PRODUCT_NAME = "$(TARGET_NAME)";
			};
			name = Release;
		};
		E6303A0C1A43577100A008D7 /* Debug */ = {
			isa = XCBuildConfiguration;
			buildSettings = {
				BUNDLE_LOADER = "$(TEST_HOST)";
				FRAMEWORK_SEARCH_PATHS = (
					"$(SDKROOT)/Developer/Library/Frameworks",
					"$(inherited)",
				);
				GCC_PREPROCESSOR_DEFINITIONS = (
					"DEBUG=1",
					"$(inherited)",
				);
				INFOPLIST_FILE = HaoUIAlertViewFianlTests/Info.plist;
				LD_RUNPATH_SEARCH_PATHS = "$(inherited) @executable_path/Frameworks @loader_path/Frameworks";
				PRODUCT_NAME = "$(TARGET_NAME)";
				TEST_HOST = "$(BUILT_PRODUCTS_DIR)/HaoUIAlertViewFianl.app/HaoUIAlertViewFianl";
			};
			name = Debug;
		};
		E6303A0D1A43577100A008D7 /* Release */ = {
			isa = XCBuildConfiguration;
			buildSettings = {
				BUNDLE_LOADER = "$(TEST_HOST)";
				FRAMEWORK_SEARCH_PATHS = (
					"$(SDKROOT)/Developer/Library/Frameworks",
					"$(inherited)",
				);
				INFOPLIST_FILE = HaoUIAlertViewFianlTests/Info.plist;
				LD_RUNPATH_SEARCH_PATHS = "$(inherited) @executable_path/Frameworks @loader_path/Frameworks";
				PRODUCT_NAME = "$(TARGET_NAME)";
				TEST_HOST = "$(BUILT_PRODUCTS_DIR)/HaoUIAlertViewFianl.app/HaoUIAlertViewFianl";
			};
			name = Release;
		};
/* End XCBuildConfiguration section */

/* Begin XCConfigurationList section */
		E63039E01A43577100A008D7 /* Build configuration list for PBXProject "HaoUIAlertViewFianl" */ = {
			isa = XCConfigurationList;
			buildConfigurations = (
				E6303A061A43577100A008D7 /* Debug */,
				E6303A071A43577100A008D7 /* Release */,
			);
			defaultConfigurationIsVisible = 0;
			defaultConfigurationName = Release;
		};
		E6303A081A43577100A008D7 /* Build configuration list for PBXNativeTarget "HaoUIAlertViewFianl" */ = {
			isa = XCConfigurationList;
			buildConfigurations = (
				E6303A091A43577100A008D7 /* Debug */,
				E6303A0A1A43577100A008D7 /* Release */,
			);
			defaultConfigurationIsVisible = 0;
		};
		E6303A0B1A43577100A008D7 /* Build configuration list for PBXNativeTarget "HaoUIAlertViewFianlTests" */ = {
			isa = XCConfigurationList;
			buildConfigurations = (
				E6303A0C1A43577100A008D7 /* Debug */,
				E6303A0D1A43577100A008D7 /* Release */,
			);
			defaultConfigurationIsVisible = 0;
		};
/* End XCConfigurationList section */
	};
	rootObject = E63039DD1A43577100A008D7 /* Project object */;
}
